
Microsoft Visual Studio Solution File, Format Version 12.00
# Visual Studio Version 17
VisualStudioVersion = 17.5.002.0
MinimumVisualStudioVersion = 10.0.40219.1
Project("{9A19103F-16F7-4668-BE54-9A1E7A4F7556}") = "black-jack", "black-jack.csproj", "{FA8C2696-3C48-478A-A48A-FF23FD7E8CA6}"
EndProject
Global
	GlobalSection(SolutionConfigurationPlatforms) = preSolution
		Debug|Any CPU = Debug|Any CPU
		Release|Any CPU = Release|Any CPU
	EndGlobalSection
	GlobalSection(ProjectConfigurationPlatforms) = postSolution
		{FA8C2696-3C48-478A-A48A-FF23FD7E8CA6}.Debug|Any CPU.ActiveCfg = Debug|Any CPU
		{FA8C2696-3C48-478A-A48A-FF23FD7E8CA6}.Debug|Any CPU.Build.0 = Debug|Any CPU
		{FA8C2696-3C48-478A-A48A-FF23FD7E8CA6}.Release|Any CPU.ActiveCfg = Release|Any CPU
		{FA8C2696-3C48-478A-A48A-FF23FD7E8CA6}.Release|Any CPU.Build.0 = Release|Any CPU
	EndGlobalSection
	GlobalSection(SolutionProperties) = preSolution
		HideSolutionNode = FALSE
	EndGlobalSection
	GlobalSection(ExtensibilityGlobals) = postSolution
		SolutionGuid = {D8A78A77-75A2-4A28-BA99-69E340F9E665}
	EndGlobalSection
EndGlobal
